{
  "name": "dokiworld-game105-heart-tower",
  "version": "0.1.0",
  "lockfileVersion": 3,
  "requires": true,
  "packages": {
    "": {
      "name": "dokiworld-game105-heart-tower",
      "version": "0.1.0",
      "dependencies": {
        "@dokiworld/app-sdk": "^3.0.0"
      }
    },
    "node_modules/@dokiworld/app-sdk": {
      "version": "3.1.1",
      "resolved": "https://registry.npmjs.org/@dokiworld/app-sdk/-/app-sdk-3.1.1.tgz",
      "integrity": "sha512-/ywCPhb71FZmyQkHTFtdeNbwVo+lrsDOKgPM326ahvQudckSg/8zOHyZoM1EVx4E12SSlPxT3vsmvuMP6q2I+Q=="
    }
  }
}
